
Microsoft Visual Studio Solution File, Format Version 12.00
# Visual Studio 15
VisualStudioVersion = 15.0.28307.852
MinimumVisualStudioVersion = 10.0.40219.1
Project("{FAE04EC0-301F-11D3-BF4B-00C04F79EFBC}") = "SesliHizKontrolProje", "SesliHizKontrolProje\SesliHizKontrolProje.csproj", "{BA7104F0-B728-4940-B7A5-8AADB216843E}"
EndProject
Global
	GlobalSection(SolutionConfigurationPlatforms) = preSolution
		Debug|Any CPU = Debug|Any CPU
		Release|Any CPU = Release|Any CPU
	EndGlobalSection
	GlobalSection(ProjectConfigurationPlatforms) = postSolution
		{BA7104F0-B728-4940-B7A5-8AADB216843E}.Debug|Any CPU.ActiveCfg = Debug|Any CPU
		{BA7104F0-B728-4940-B7A5-8AADB216843E}.Debug|Any CPU.Build.0 = Debug|Any CPU
		{BA7104F0-B728-4940-B7A5-8AADB216843E}.Release|Any CPU.ActiveCfg = Release|Any CPU
		{BA7104F0-B728-4940-B7A5-8AADB216843E}.Release|Any CPU.Build.0 = Release|Any CPU
	EndGlobalSection
	GlobalSection(SolutionProperties) = preSolution
		HideSolutionNode = FALSE
	EndGlobalSection
	GlobalSection(ExtensibilityGlobals) = postSolution
		SolutionGuid = {8D13BBE3-6614-4288-9F79-64DD55F6CDE8}
	EndGlobalSection
EndGlobal
